// !$*UTF8*$!
{
	archiveVersion = 1;
	classes = {
	};
	objectVersion = 46;
	objects = {

/* Begin PBXBuildFile section */
		7FE393011B71DE17008E9BC2 /* AppDelegate.swift in Sources */ = {isa = PBXBuildFile; fileRef = 7FE393001B71DE17008E9BC2 /* AppDelegate.swift */; };
		7FE393031B71DE17008E9BC2 /* ViewController.swift in Sources */ = {isa = PBXBuildFile; fileRef = 7FE393021B71DE17008E9BC2 /* ViewController.swift */; };
		7FE393061B71DE17008E9BC2 /* Main.storyboard in Resources */ = {isa = PBXBuildFile; fileRef = 7FE393041B71DE17008E9BC2 /* Main.storyboard */; };
		7FE393081B71DE17008E9BC2 /* Images.xcassets in Resources */ = {isa = PBXBuildFile; fileRef = 7FE393071B71DE17008E9BC2 /* Images.xcassets */; };
		7FE3930B1B71DE17008E9BC2 /* LaunchScreen.xib in Resources */ = {isa = PBXBuildFile; fileRef = 7FE393091B71DE17008E9BC2 /* LaunchScreen.xib */; };
		7FE393171B71DE17008E9BC2 /* How_Many_FingersTests.swift in Sources */ = {isa = PBXBuildFile; fileRef = 7FE393161B71DE17008E9BC2 /* How_Many_FingersTests.swift */; };
/* End PBXBuildFile section */

/* Begin PBXContainerItemProxy section */
		7FE393111B71DE17008E9BC2 /* PBXContainerItemProxy */ = {
			isa = PBXContainerItemProxy;
			containerPortal = 7FE392F31B71DE17008E9BC2 /* Project object */;
			proxyType = 1;
			remoteGlobalIDString = 7FE392FA1B71DE17008E9BC2;
			remoteInfo = "How Many Fingers";
		};
/* End PBXContainerItemProxy section */

/* Begin PBXFileReference section */
		7FE392FB1B71DE17008E9BC2 /* How Many Fingers.app */ = {isa = PBXFileReference; explicitFileType = wrapper.application; includeInIndex = 0; path = "How Many Fingers.app"; sourceTree = BUILT_PRODUCTS_DIR; };
		7FE392FF1B71DE17008E9BC2 /* Info.plist */ = {isa = PBXFileReference; lastKnownFileType = text.plist.xml; path = Info.plist; sourceTree = "<group>"; };
		7FE393001B71DE17008E9BC2 /* AppDelegate.swift */ = {isa = PBXFileReference; lastKnownFileType = sourcecode.swift; path = AppDelegate.swift; sourceTree = "<group>"; };
		7FE393021B71DE17008E9BC2 /* ViewController.swift */ = {isa = PBXFileReference; lastKnownFileType = sourcecode.swift; path = ViewController.swift; sourceTree = "<group>"; };
		7FE393051B71DE17008E9BC2 /* Base */ = {isa = PBXFileReference; lastKnownFileType = file.storyboard; name = Base; path = Base.lproj/Main.storyboard; sourceTree = "<group>"; };
		7FE393071B71DE17008E9BC2 /* Images.xcassets */ = {isa = PBXFileReference; lastKnownFileType = folder.assetcatalog; path = Images.xcassets; sourceTree = "<group>"; };
		7FE3930A1B71DE17008E9BC2 /* Base */ = {isa = PBXFileReference; lastKnownFileType = file.xib; name = Base; path = Base.lproj/LaunchScreen.xib; sourceTree = "<group>"; };
		7FE393101B71DE17008E9BC2 /* How Many FingersTests.xctest */ = {isa = PBXFileReference; explicitFileType = wrapper.cfbundle; includeInIndex = 0; path = "How Many FingersTests.xctest"; sourceTree = BUILT_PRODUCTS_DIR; };
		7FE393151B71DE17008E9BC2 /* Info.plist */ = {isa = PBXFileReference; lastKnownFileType = text.plist.xml; path = Info.plist; sourceTree = "<group>"; };
		7FE393161B71DE17008E9BC2 /* How_Many_FingersTests.swift */ = {isa = PBXFileReference; lastKnownFileType = sourcecode.swift; path = How_Many_FingersTests.swift; sourceTree = "<group>"; };
/* End PBXFileReference section */

/* Begin PBXFrameworksBuildPhase section */
		7FE392F81B71DE17008E9BC2 /* Frameworks */ = {
			isa = PBXFrameworksBuildPhase;
			buildActionMask = 2147483647;
			files = (
			);
			runOnlyForDeploymentPostprocessing = 0;
		};
		7FE3930D1B71DE17008E9BC2 /* Frameworks */ = {
			isa = PBXFrameworksBuildPhase;
			buildActionMask = 2147483647;
			files = (
			);
			runOnlyForDeploymentPostprocessing = 0;
		};
/* End PBXFrameworksBuildPhase section */

/* Begin PBXGroup section */
		7FE392F21B71DE17008E9BC2 = {
			isa = PBXGroup;
			children = (
				7FE392FD1B71DE17008E9BC2 /* How Many Fingers */,
				7FE393131B71DE17008E9BC2 /* How Many FingersTests */,
				7FE392FC1B71DE17008E9BC2 /* Products */,
			);
			sourceTree = "<group>";
		};
		7FE392FC1B71DE17008E9BC2 /* Products */ = {
			isa = PBXGroup;
			children = (
				7FE392FB1B71DE17008E9BC2 /* How Many Fingers.app */,
				7FE393101B71DE17008E9BC2 /* How Many FingersTests.xctest */,
			);
			name = Products;
			sourceTree = "<group>";
		};
		7FE392FD1B71DE17008E9BC2 /* How Many Fingers */ = {
			isa = PBXGroup;
			children = (
				7FE393001B71DE17008E9BC2 /* AppDelegate.swift */,
				7FE393021B71DE17008E9BC2 /* ViewController.swift */,
				7FE393041B71DE17008E9BC2 /* Main.storyboard */,
				7FE393071B71DE17008E9BC2 /* Images.xcassets */,
				7FE393091B71DE17008E9BC2 /* LaunchScreen.xib */,
				7FE392FE1B71DE17008E9BC2 /* Supporting Files */,
			);
			path = "How Many Fingers";
			sourceTree = "<group>";
		};
		7FE392FE1B71DE17008E9BC2 /* Supporting Files */ = {
			isa = PBXGroup;
			children = (
				7FE392FF1B71DE17008E9BC2 /* Info.plist */,
			);
			name = "Supporting Files";
			sourceTree = "<group>";
		};
		7FE393131B71DE17008E9BC2 /* How Many FingersTests */ = {
			isa = PBXGroup;
			children = (
				7FE393161B71DE17008E9BC2 /* How_Many_FingersTests.swift */,
				7FE393141B71DE17008E9BC2 /* Supporting Files */,
			);
			path = "How Many FingersTests";
			sourceTree = "<group>";
		};
		7FE393141B71DE17008E9BC2 /* Supporting Files */ = {
			isa = PBXGroup;
			children = (
				7FE393151B71DE17008E9BC2 /* Info.plist */,
			);
			name = "Supporting Files";
			sourceTree = "<group>";
		};
/* End PBXGroup section */

/* Begin PBXNativeTarget section */
		7FE392FA1B71DE17008E9BC2 /* How Many Fingers */ = {
			isa = PBXNativeTarget;
			buildConfigurationList = 7FE3931A1B71DE17008E9BC2 /* Build configuration list for PBXNativeTarget "How Many Fingers" */;
			buildPhases = (
				7FE392F71B71DE17008E9BC2 /* Sources */,
				7FE392F81B71DE17008E9BC2 /* Frameworks */,
				7FE392F91B71DE17008E9BC2 /* Resources */,
			);
			buildRules = (
			);
			dependencies = (
			);
			name = "How Many Fingers";
			productName = "How Many Fingers";
			productReference = 7FE392FB1B71DE17008E9BC2 /* How Many Fingers.app */;
			productType = "com.apple.product-type.application";
		};
		7FE3930F1B71DE17008E9BC2 /* How Many FingersTests */ = {
			isa = PBXNativeTarget;
			buildConfigurationList = 7FE3931D1B71DE17008E9BC2 /* Build configuration list for PBXNativeTarget "How Many FingersTests" */;
			buildPhases = (
				7FE3930C1B71DE17008E9BC2 /* Sources */,
				7FE3930D1B71DE17008E9BC2 /* Frameworks */,
				7FE3930E1B71DE17008E9BC2 /* Resources */,
			);
			buildRules = (
			);
			dependencies = (
				7FE393121B71DE17008E9BC2 /* PBXTargetDependency */,
			);
			name = "How Many FingersTests";
			productName = "How Many FingersTests";
			productReference = 7FE393101B71DE17008E9BC2 /* How Many FingersTests.xctest */;
			productType = "com.apple.product-type.bundle.unit-test";
		};
/* End PBXNativeTarget section */

/* Begin PBXProject section */
		7FE392F31B71DE17008E9BC2 /* Project object */ = {
			isa = PBXProject;
			attributes = {
				LastUpgradeCheck = 0640;
				ORGANIZATIONNAME = "SK NAHID SANWAR";
				TargetAttributes = {
					7FE392FA1B71DE17008E9BC2 = {
						CreatedOnToolsVersion = 6.4;
					};
					7FE3930F1B71DE17008E9BC2 = {
						CreatedOnToolsVersion = 6.4;
						TestTargetID = 7FE392FA1B71DE17008E9BC2;
					};
				};
			};
			buildConfigurationList = 7FE392F61B71DE17008E9BC2 /* Build configuration list for PBXProject "How Many Fingers" */;
			compatibilityVersion = "Xcode 3.2";
			developmentRegion = English;
			hasScannedForEncodings = 0;
			knownRegions = (
				en,
				Base,
			);
			mainGroup = 7FE392F21B71DE17008E9BC2;
			productRefGroup = 7FE392FC1B71DE17008E9BC2 /* Products */;
			projectDirPath = "";
			projectRoot = "";
			targets = (
				7FE392FA1B71DE17008E9BC2 /* How Many Fingers */,
				7FE3930F1B71DE17008E9BC2 /* How Many FingersTests */,
			);
		};
/* End PBXProject section */

/* Begin PBXResourcesBuildPhase section */
		7FE392F91B71DE17008E9BC2 /* Resources */ = {
			isa = PBXResourcesBuildPhase;
			buildActionMask = 2147483647;
			files = (
				7FE393061B71DE17008E9BC2 /* Main.storyboard in Resources */,
				7FE3930B1B71DE17008E9BC2 /* LaunchScreen.xib in Resources */,
				7FE393081B71DE17008E9BC2 /* Images.xcassets in Resources */,
			);
			runOnlyForDeploymentPostprocessing = 0;
		};
		7FE3930E1B71DE17008E9BC2 /* Resources */ = {
			isa = PBXResourcesBuildPhase;
			buildActionMask = 2147483647;
			files = (
			);
			runOnlyForDeploymentPostprocessing = 0;
		};
/* End PBXResourcesBuildPhase section */

/* Begin PBXSourcesBuildPhase section */
		7FE392F71B71DE17008E9BC2 /* Sources */ = {
			isa = PBXSourcesBuildPhase;
			buildActionMask = 2147483647;
			files = (
				7FE393031B71DE17008E9BC2 /* ViewController.swift in Sources */,
				7FE393011B71DE17008E9BC2 /* AppDelegate.swift in Sources */,
			);
			runOnlyForDeploymentPostprocessing = 0;
		};
		7FE3930C1B71DE17008E9BC2 /* Sources */ = {
			isa = PBXSourcesBuildPhase;
			buildActionMask = 2147483647;
			files = (
				7FE393171B71DE17008E9BC2 /* How_Many_FingersTests.swift in Sources */,
			);
			runOnlyForDeploymentPostprocessing = 0;
		};
/* End PBXSourcesBuildPhase section */

/* Begin PBXTargetDependency section */
		7FE393121B71DE17008E9BC2 /* PBXTargetDependency */ = {
			isa = PBXTargetDependency;
			target = 7FE392FA1B71DE17008E9BC2 /* How Many Fingers */;
			targetProxy = 7FE393111B71DE17008E9BC2 /* PBXContainerItemProxy */;
		};
/* End PBXTargetDependency section */

/* Begin PBXVariantGroup section */
		7FE393041B71DE17008E9BC2 /* Main.storyboard */ = {
			isa = PBXVariantGroup;
			children = (
				7FE393051B71DE17008E9BC2 /* Base */,
			);
			name = Main.storyboard;
			sourceTree = "<group>";
		};
		7FE393091B71DE17008E9BC2 /* LaunchScreen.xib */ = {
			isa = PBXVariantGroup;
			children = (
				7FE3930A1B71DE17008E9BC2 /* Base */,
			);
			name = LaunchScreen.xib;
			sourceTree = "<group>";
		};
/* End PBXVariantGroup section */

/* Begin XCBuildConfiguration section */
		7FE393181B71DE17008E9BC2 /* Debug */ = {
			isa = XCBuildConfiguration;
			buildSettings = {
				ALWAYS_SEARCH_USER_PATHS = NO;
				CLANG_CXX_LANGUAGE_STANDARD = "gnu++0x";
				CLANG_CXX_LIBRARY = "libc++";
				CLANG_ENABLE_MODULES = YES;
				CLANG_ENABLE_OBJC_ARC = YES;
				CLANG_WARN_BOOL_CONVERSION = YES;
				CLANG_WARN_CONSTANT_CONVERSION = YES;
				CLANG_WARN_DIRECT_OBJC_ISA_USAGE = YES_ERROR;
				CLANG_WARN_EMPTY_BODY = YES;
				CLANG_WARN_ENUM_CONVERSION = YES;
				CLANG_WARN_INT_CONVERSION = YES;
				CLANG_WARN_OBJC_ROOT_CLASS = YES_ERROR;
				CLANG_WARN_UNREACHABLE_CODE = YES;
				CLANG_WARN__DUPLICATE_METHOD_MATCH = YES;
				"CODE_SIGN_IDENTITY[sdk=iphoneos*]" = "iPhone Developer";
				COPY_PHASE_STRIP = NO;
				DEBUG_INFORMATION_FORMAT = "dwarf-with-dsym";
				ENABLE_STRICT_OBJC_MSGSEND = YES;
				GCC_C_LANGUAGE_STANDARD = gnu99;
				GCC_DYNAMIC_NO_PIC = NO;
				GCC_NO_COMMON_BLOCKS = YES;
				GCC_OPTIMIZATION_LEVEL = 0;
				GCC_PREPROCESSOR_DEFINITIONS = (
					"DEBUG=1",
					"$(inherited)",
				);
				GCC_SYMBOLS_PRIVATE_EXTERN = NO;
				GCC_WARN_64_TO_32_BIT_CONVERSION = YES;
				GCC_WARN_ABOUT_RETURN_TYPE = YES_ERROR;
				GCC_WARN_UNDECLARED_SELECTOR = YES;
				GCC_WARN_UNINITIALIZED_AUTOS = YES_AGGRESSIVE;
				GCC_WARN_UNUSED_FUNCTION = YES;
				GCC_WARN_UNUSED_VARIABLE = YES;
				IPHONEOS_DEPLOYMENT_TARGET = 8.4;
				MTL_ENABLE_DEBUG_INFO = YES;
				ONLY_ACTIVE_ARCH = YES;
				SDKROOT = iphoneos;
				SWIFT_OPTIMIZATION_LEVEL = "-Onone";
			};
			name = Debug;
		};
		7FE393191B71DE17008E9BC2 /* Release */ = {
			isa = XCBuildConfiguration;
			buildSettings = {
				ALWAYS_SEARCH_USER_PATHS = NO;
				CLANG_CXX_LANGUAGE_STANDARD = "gnu++0x";
				CLANG_CXX_LIBRARY = "libc++";
				CLANG_ENABLE_MODULES = YES;
				CLANG_ENABLE_OBJC_ARC = YES;
				CLANG_WARN_BOOL_CONVERSION = YES;
				CLANG_WARN_CONSTANT_CONVERSION = YES;
				CLANG_WARN_DIRECT_OBJC_ISA_USAGE = YES_ERROR;
				CLANG_WARN_EMPTY_BODY = YES;
				CLANG_WARN_ENUM_CONVERSION = YES;
				CLANG_WARN_INT_CONVERSION = YES;
				CLANG_WARN_OBJC_ROOT_CLASS = YES_ERROR;
				CLANG_WARN_UNREACHABLE_CODE = YES;
				CLANG_WARN__DUPLICATE_METHOD_MATCH = YES;
				"CODE_SIGN_IDENTITY[sdk=iphoneos*]" = "iPhone Developer";
				COPY_PHASE_STRIP = NO;
				DEBUG_INFORMATION_FORMAT = "dwarf-with-dsym";
				ENABLE_NS_ASSERTIONS = NO;
				ENABLE_STRICT_OBJC_MSGSEND = YES;
				GCC_C_LANGUAGE_STANDARD = gnu99;
				GCC_NO_COMMON_BLOCKS = YES;
				GCC_WARN_64_TO_32_BIT_CONVERSION = YES;
				GCC_WARN_ABOUT_RETURN_TYPE = YES_ERROR;
				GCC_WARN_UNDECLARED_SELECTOR = YES;
				GCC_WARN_UNINITIALIZED_AUTOS = YES_AGGRESSIVE;
				GCC_WARN_UNUSED_FUNCTION = YES;
				GCC_WARN_UNUSED_VARIABLE = YES;
				IPHONEOS_DEPLOYMENT_TARGET = 8.4;
				MTL_ENABLE_DEBUG_INFO = NO;
				SDKROOT = iphoneos;
				VALIDATE_PRODUCT = YES;
			};
			name = Release;
		};
		7FE3931B1B71DE17008E9BC2 /* Debug */ = {
			isa = XCBuildConfiguration;
			buildSettings = {
				ASSETCATALOG_COMPILER_APPICON_NAME = AppIcon;
				INFOPLIST_FILE = "How Many Fingers/Info.plist";
				LD_RUNPATH_SEARCH_PATHS = "$(inherited) @executable_path/Frameworks";
				PRODUCT_NAME = "$(TARGET_NAME)";
			};
			name = Debug;
		};
		7FE3931C1B71DE17008E9BC2 /* Release */ = {
			isa = XCBuildConfiguration;
			buildSettings = {
				ASSETCATALOG_COMPILER_APPICON_NAME = AppIcon;
				INFOPLIST_FILE = "How Many Fingers/Info.plist";
				LD_RUNPATH_SEARCH_PATHS = "$(inherited) @executable_path/Frameworks";
				PRODUCT_NAME = "$(TARGET_NAME)";
			};
			name = Release;
		};
		7FE3931E1B71DE17008E9BC2 /* Debug */ = {
			isa = XCBuildConfiguration;
			buildSettings = {
				BUNDLE_LOADER = "$(TEST_HOST)";
				FRAMEWORK_SEARCH_PATHS = (
					"$(SDKROOT)/Developer/Library/Frameworks",
					"$(inherited)",
				);
				GCC_PREPROCESSOR_DEFINITIONS = (
					"DEBUG=1",
					"$(inherited)",
				);
				INFOPLIST_FILE = "How Many FingersTests/Info.plist";
				LD_RUNPATH_SEARCH_PATHS = "$(inherited) @executable_path/Frameworks @loader_path/Frameworks";
				PRODUCT_NAME = "$(TARGET_NAME)";
				TEST_HOST = "$(BUILT_PRODUCTS_DIR)/How Many Fingers.app/How Many Fingers";
			};
			name = Debug;
		};
		7FE3931F1B71DE17008E9BC2 /* Release */ = {
			isa = XCBuildConfiguration;
			buildSettings = {
				BUNDLE_LOADER = "$(TEST_HOST)";
				FRAMEWORK_SEARCH_PATHS = (
					"$(SDKROOT)/Developer/Library/Frameworks",
					"$(inherited)",
				);
				INFOPLIST_FILE = "How Many FingersTests/Info.plist";
				LD_RUNPATH_SEARCH_PATHS = "$(inherited) @executable_path/Frameworks @loader_path/Frameworks";
				PRODUCT_NAME = "$(TARGET_NAME)";
				TEST_HOST = "$(BUILT_PRODUCTS_DIR)/How Many Fingers.app/How Many Fingers";
			};
			name = Release;
		};
/* End XCBuildConfiguration section */

/* Begin XCConfigurationList section */
		7FE392F61B71DE17008E9BC2 /* Build configuration list for PBXProject "How Many Fingers" */ = {
			isa = XCConfigurationList;
			buildConfigurations = (
				7FE393181B71DE17008E9BC2 /* Debug */,
				7FE393191B71DE17008E9BC2 /* Release */,
			);
			defaultConfigurationIsVisible = 0;
			defaultConfigurationName = Release;
		};
		7FE3931A1B71DE17008E9BC2 /* Build configuration list for PBXNativeTarget "How Many Fingers" */ = {
			isa = XCConfigurationList;
			buildConfigurations = (
				7FE3931B1B71DE17008E9BC2 /* Debug */,
				7FE3931C1B71DE17008E9BC2 /* Release */,
			);
			defaultConfigurationIsVisible = 0;
		};
		7FE3931D1B71DE17008E9BC2 /* Build configuration list for PBXNativeTarget "How Many FingersTests" */ = {
			isa = XCConfigurationList;
			buildConfigurations = (
				7FE3931E1B71DE17008E9BC2 /* Debug */,
				7FE3931F1B71DE17008E9BC2 /* Release */,
			);
			defaultConfigurationIsVisible = 0;
		};
/* End XCConfigurationList section */
	};
	rootObject = 7FE392F31B71DE17008E9BC2 /* Project object */;
}
